
Microsoft Visual Studio Solution File, Format Version 12.00
# Visual Studio Version 17
VisualStudioVersion = 17.8.34330.188
MinimumVisualStudioVersion = 10.0.40219.1
Project("{FAE04EC0-301F-11D3-BF4B-00C04F79EFBC}") = "MVC", "MVC\MVC.csproj", "{6464E52B-423D-471A-A567-2BE43E50EC09}"
EndProject
Global
	GlobalSection(SolutionConfigurationPlatforms) = preSolution
		Debug|Any CPU = Debug|Any CPU
		Release|Any CPU = Release|Any CPU
	EndGlobalSection
	GlobalSection(ProjectConfigurationPlatforms) = postSolution
		{6464E52B-423D-471A-A567-2BE43E50EC09}.Debug|Any CPU.ActiveCfg = Debug|Any CPU
		{6464E52B-423D-471A-A567-2BE43E50EC09}.Debug|Any CPU.Build.0 = Debug|Any CPU
		{6464E52B-423D-471A-A567-2BE43E50EC09}.Release|Any CPU.ActiveCfg = Release|Any CPU
		{6464E52B-423D-471A-A567-2BE43E50EC09}.Release|Any CPU.Build.0 = Release|Any CPU
	EndGlobalSection
	GlobalSection(SolutionProperties) = preSolution
		HideSolutionNode = FALSE
	EndGlobalSection
	GlobalSection(ExtensibilityGlobals) = postSolution
		SolutionGuid = {1CBE28E3-61E0-4CED-9F84-9D6FE6253A52}
	EndGlobalSection
EndGlobal
